
Microsoft Visual Studio Solution File, Format Version 12.00
# Visual Studio Version 16
VisualStudioVersion = 16.0.30717.126
MinimumVisualStudioVersion = 10.0.40219.1
Project("{9A19103F-16F7-4668-BE54-9A1E7A4F7556}") = "Hff.MembershipServer.Entities", "Hff.MembershipServer.Entities\Hff.MembershipServer.Entities.csproj", "{761A1D16-0ACB-4324-83C8-E8943CDE8AA7}"
EndProject
Project("{9A19103F-16F7-4668-BE54-9A1E7A4F7556}") = "Hff.MembershipServer.Service", "Hff.MembershipServer.DataAccess\Hff.MembershipServer.Service.csproj", "{05A73BFD-E25C-46B1-BC60-C7209A166400}"
EndProject
Project("{FAE04EC0-301F-11D3-BF4B-00C04F79EFBC}") = "Hff.MembershipServer.Mvc", "Hff.MembershipServer.Mvc\Hff.MembershipServer.Mvc.csproj", "{5F8DAE74-C156-4403-8690-525BC601F4E1}"
EndProject
Global
	GlobalSection(SolutionConfigurationPlatforms) = preSolution
		Debug|Any CPU = Debug|Any CPU
		Release|Any CPU = Release|Any CPU
	EndGlobalSection
	GlobalSection(ProjectConfigurationPlatforms) = postSolution
		{761A1D16-0ACB-4324-83C8-E8943CDE8AA7}.Debug|Any CPU.ActiveCfg = Debug|Any CPU
		{761A1D16-0ACB-4324-83C8-E8943CDE8AA7}.Debug|Any CPU.Build.0 = Debug|Any CPU
		{761A1D16-0ACB-4324-83C8-E8943CDE8AA7}.Release|Any CPU.ActiveCfg = Release|Any CPU
		{761A1D16-0ACB-4324-83C8-E8943CDE8AA7}.Release|Any CPU.Build.0 = Release|Any CPU
		{05A73BFD-E25C-46B1-BC60-C7209A166400}.Debug|Any CPU.ActiveCfg = Debug|Any CPU
		{05A73BFD-E25C-46B1-BC60-C7209A166400}.Debug|Any CPU.Build.0 = Debug|Any CPU
		{05A73BFD-E25C-46B1-BC60-C7209A166400}.Release|Any CPU.ActiveCfg = Release|Any CPU
		{05A73BFD-E25C-46B1-BC60-C7209A166400}.Release|Any CPU.Build.0 = Release|Any CPU
		{5F8DAE74-C156-4403-8690-525BC601F4E1}.Debug|Any CPU.ActiveCfg = Debug|Any CPU
		{5F8DAE74-C156-4403-8690-525BC601F4E1}.Debug|Any CPU.Build.0 = Debug|Any CPU
		{5F8DAE74-C156-4403-8690-525BC601F4E1}.Release|Any CPU.ActiveCfg = Release|Any CPU
		{5F8DAE74-C156-4403-8690-525BC601F4E1}.Release|Any CPU.Build.0 = Release|Any CPU
	EndGlobalSection
	GlobalSection(SolutionProperties) = preSolution
		HideSolutionNode = FALSE
	EndGlobalSection
	GlobalSection(ExtensibilityGlobals) = postSolution
		SolutionGuid = {01851E45-0014-4FD4-919C-67BB430B2CFE}
	EndGlobalSection
EndGlobal
